
Microsoft Visual Studio Solution File, Format Version 12.00
# Visual Studio Version 17
VisualStudioVersion = 17.5.33530.505
MinimumVisualStudioVersion = 10.0.40219.1
Project("{FAE04EC0-301F-11D3-BF4B-00C04F79EFBC}") = "DZ_1", "DZ_1\DZ_1.csproj", "{D6FCB419-0337-4DB2-BE8A-FF564F2FC30F}"
EndProject
Project("{FAE04EC0-301F-11D3-BF4B-00C04F79EFBC}") = "DZ_2", "DZ_2\DZ_2.csproj", "{87B5E825-89E8-41BA-AA26-19DD5E305B8B}"
EndProject
Project("{FAE04EC0-301F-11D3-BF4B-00C04F79EFBC}") = "DZ_3", "DZ_3\DZ_3.csproj", "{2D371223-9C31-42BD-8A99-79F39431EA29}"
EndProject
Project("{FAE04EC0-301F-11D3-BF4B-00C04F79EFBC}") = "DZ_4", "DZ_4\DZ_4.csproj", "{20268AFD-52AD-40D8-9560-FA4C1FB62121}"
EndProject
Project("{9A19103F-16F7-4668-BE54-9A1E7A4F7556}") = "Test", "Test\Test.csproj", "{A03AA81A-81EA-4B7B-A60D-834243800BF7}"
EndProject
Project("{9A19103F-16F7-4668-BE54-9A1E7A4F7556}") = "Lessen_8", "Lessen_8\Lessen_8.csproj", "{B378829C-84EF-4FED-A58C-883845B99060}"
EndProject
Project("{9A19103F-16F7-4668-BE54-9A1E7A4F7556}") = "Lesson_9", "Lesson_9\Lesson_9.csproj", "{C284D76D-986F-42B4-A487-5F02E3B04306}"
EndProject
Project("{FAE04EC0-301F-11D3-BF4B-00C04F79EFBC}") = "DZ_5", "DZ_8.1\DZ_5.csproj", "{C8437C5A-E89B-4EE5-9317-8FF4C2B90874}"
EndProject
Global
	GlobalSection(SolutionConfigurationPlatforms) = preSolution
		Debug|Any CPU = Debug|Any CPU
		Release|Any CPU = Release|Any CPU
	EndGlobalSection
	GlobalSection(ProjectConfigurationPlatforms) = postSolution
		{D6FCB419-0337-4DB2-BE8A-FF564F2FC30F}.Debug|Any CPU.ActiveCfg = Debug|Any CPU
		{D6FCB419-0337-4DB2-BE8A-FF564F2FC30F}.Debug|Any CPU.Build.0 = Debug|Any CPU
		{D6FCB419-0337-4DB2-BE8A-FF564F2FC30F}.Release|Any CPU.ActiveCfg = Release|Any CPU
		{D6FCB419-0337-4DB2-BE8A-FF564F2FC30F}.Release|Any CPU.Build.0 = Release|Any CPU
		{87B5E825-89E8-41BA-AA26-19DD5E305B8B}.Debug|Any CPU.ActiveCfg = Debug|Any CPU
		{87B5E825-89E8-41BA-AA26-19DD5E305B8B}.Debug|Any CPU.Build.0 = Debug|Any CPU
		{87B5E825-89E8-41BA-AA26-19DD5E305B8B}.Release|Any CPU.ActiveCfg = Release|Any CPU
		{87B5E825-89E8-41BA-AA26-19DD5E305B8B}.Release|Any CPU.Build.0 = Release|Any CPU
		{2D371223-9C31-42BD-8A99-79F39431EA29}.Debug|Any CPU.ActiveCfg = Debug|Any CPU
		{2D371223-9C31-42BD-8A99-79F39431EA29}.Debug|Any CPU.Build.0 = Debug|Any CPU
		{2D371223-9C31-42BD-8A99-79F39431EA29}.Release|Any CPU.ActiveCfg = Release|Any CPU
		{2D371223-9C31-42BD-8A99-79F39431EA29}.Release|Any CPU.Build.0 = Release|Any CPU
		{20268AFD-52AD-40D8-9560-FA4C1FB62121}.Debug|Any CPU.ActiveCfg = Debug|Any CPU
		{20268AFD-52AD-40D8-9560-FA4C1FB62121}.Debug|Any CPU.Build.0 = Debug|Any CPU
		{20268AFD-52AD-40D8-9560-FA4C1FB62121}.Release|Any CPU.ActiveCfg = Release|Any CPU
		{20268AFD-52AD-40D8-9560-FA4C1FB62121}.Release|Any CPU.Build.0 = Release|Any CPU
		{A03AA81A-81EA-4B7B-A60D-834243800BF7}.Debug|Any CPU.ActiveCfg = Debug|Any CPU
		{A03AA81A-81EA-4B7B-A60D-834243800BF7}.Debug|Any CPU.Build.0 = Debug|Any CPU
		{A03AA81A-81EA-4B7B-A60D-834243800BF7}.Release|Any CPU.ActiveCfg = Release|Any CPU
		{A03AA81A-81EA-4B7B-A60D-834243800BF7}.Release|Any CPU.Build.0 = Release|Any CPU
		{B378829C-84EF-4FED-A58C-883845B99060}.Debug|Any CPU.ActiveCfg = Debug|Any CPU
		{B378829C-84EF-4FED-A58C-883845B99060}.Debug|Any CPU.Build.0 = Debug|Any CPU
		{B378829C-84EF-4FED-A58C-883845B99060}.Release|Any CPU.ActiveCfg = Release|Any CPU
		{B378829C-84EF-4FED-A58C-883845B99060}.Release|Any CPU.Build.0 = Release|Any CPU
		{C284D76D-986F-42B4-A487-5F02E3B04306}.Debug|Any CPU.ActiveCfg = Debug|Any CPU
		{C284D76D-986F-42B4-A487-5F02E3B04306}.Debug|Any CPU.Build.0 = Debug|Any CPU
		{C284D76D-986F-42B4-A487-5F02E3B04306}.Release|Any CPU.ActiveCfg = Release|Any CPU
		{C284D76D-986F-42B4-A487-5F02E3B04306}.Release|Any CPU.Build.0 = Release|Any CPU
		{C8437C5A-E89B-4EE5-9317-8FF4C2B90874}.Debug|Any CPU.ActiveCfg = Debug|Any CPU
		{C8437C5A-E89B-4EE5-9317-8FF4C2B90874}.Debug|Any CPU.Build.0 = Debug|Any CPU
		{C8437C5A-E89B-4EE5-9317-8FF4C2B90874}.Release|Any CPU.ActiveCfg = Release|Any CPU
		{C8437C5A-E89B-4EE5-9317-8FF4C2B90874}.Release|Any CPU.Build.0 = Release|Any CPU
	EndGlobalSection
	GlobalSection(SolutionProperties) = preSolution
		HideSolutionNode = FALSE
	EndGlobalSection
	GlobalSection(ExtensibilityGlobals) = postSolution
		SolutionGuid = {A199588F-0C3D-4EB6-AAA8-5F615C0A4E18}
	EndGlobalSection
EndGlobal
